
Microsoft Visual Studio Solution File, Format Version 12.00
# Visual Studio Version 17
VisualStudioVersion = 17.13.35931.197 d17.13
MinimumVisualStudioVersion = 10.0.40219.1
Project("{FAE04EC0-301F-11D3-BF4B-00C04F79EFBC}") = "Safeturned.FileChecker", "Safeturned.FileChecker\Safeturned.FileChecker.csproj", "{A689C34F-1F17-4694-9098-05EB510FD99D}"
EndProject
Global
	GlobalSection(SolutionConfigurationPlatforms) = preSolution
		Debug|Any CPU = Debug|Any CPU
		Release|Any CPU = Release|Any CPU
	EndGlobalSection
	GlobalSection(ProjectConfigurationPlatforms) = postSolution
		{A689C34F-1F17-4694-9098-05EB510FD99D}.Debug|Any CPU.ActiveCfg = Debug|Any CPU
		{A689C34F-1F17-4694-9098-05EB510FD99D}.Debug|Any CPU.Build.0 = Debug|Any CPU
		{A689C34F-1F17-4694-9098-05EB510FD99D}.Release|Any CPU.ActiveCfg = Release|Any CPU
		{A689C34F-1F17-4694-9098-05EB510FD99D}.Release|Any CPU.Build.0 = Release|Any CPU
	EndGlobalSection
	GlobalSection(SolutionProperties) = preSolution
		HideSolutionNode = FALSE
	EndGlobalSection
	GlobalSection(NestedProjects) = preSolution
	EndGlobalSection
	GlobalSection(ExtensibilityGlobals) = postSolution
		SolutionGuid = {25639316-D544-4642-8C41-DFDFC25586E8}
	EndGlobalSection
EndGlobal
